
Microsoft Visual Studio Solution File, Format Version 12.00
# Visual Studio Version 17
VisualStudioVersion = 17.0.31912.275
MinimumVisualStudioVersion = 10.0.40219.1
Project("{FAE04EC0-301F-11D3-BF4B-00C04F79EFBC}") = "MassiveDataQuery", "MassiveDataQuery.csproj", "{B6D5FF39-41AF-4EE1-AD2F-5E9001E5C0BA}"
EndProject
Global
	GlobalSection(SolutionConfigurationPlatforms) = preSolution
		Debug|Any CPU = Debug|Any CPU
		Release|Any CPU = Release|Any CPU
	EndGlobalSection
	GlobalSection(ProjectConfigurationPlatforms) = postSolution
		{B6D5FF39-41AF-4EE1-AD2F-5E9001E5C0BA}.Debug|Any CPU.ActiveCfg = Debug|Any CPU
		{B6D5FF39-41AF-4EE1-AD2F-5E9001E5C0BA}.Debug|Any CPU.Build.0 = Debug|Any CPU
		{B6D5FF39-41AF-4EE1-AD2F-5E9001E5C0BA}.Release|Any CPU.ActiveCfg = Release|Any CPU
		{B6D5FF39-41AF-4EE1-AD2F-5E9001E5C0BA}.Release|Any CPU.Build.0 = Release|Any CPU
	EndGlobalSection
	GlobalSection(SolutionProperties) = preSolution
		HideSolutionNode = FALSE
	EndGlobalSection
	GlobalSection(ExtensibilityGlobals) = postSolution
		SolutionGuid = {16C6B8A8-6375-4AE0-8AA1-7A1B24352388}
	EndGlobalSection
EndGlobal
